Microsoft Visual Studio Solution File, Format Version 12.00
# Visual Studio Version 17
VisualStudioVersion = 17.5.2.0
MinimumVisualStudioVersion = 10.0.40219.1
Project("{FAE04EC0-301F-11D3-BF4B-00C04F79EFBC}") = "HelloMotors", "HelloMotors.csproj", "{99308EA9-0E52-4587-79F3-D1B6CC624749}"
EndProject
Global
	GlobalSection(SolutionConfigurationPlatforms) = preSolution
		Debug|Any CPU = Debug|Any CPU
		Release|Any CPU = Release|Any CPU
	EndGlobalSection
	GlobalSection(ProjectConfigurationPlatforms) = postSolution
		{99308EA9-0E52-4587-79F3-D1B6CC624749}.Debug|Any CPU.ActiveCfg = Debug|Any CPU
		{99308EA9-0E52-4587-79F3-D1B6CC624749}.Debug|Any CPU.Build.0 = Debug|Any CPU
		{99308EA9-0E52-4587-79F3-D1B6CC624749}.Release|Any CPU.ActiveCfg = Release|Any CPU
		{99308EA9-0E52-4587-79F3-D1B6CC624749}.Release|Any CPU.Build.0 = Release|Any CPU
	EndGlobalSection
	GlobalSection(SolutionProperties) = preSolution
		HideSolutionNode = FALSE
	EndGlobalSection
	GlobalSection(ExtensibilityGlobals) = postSolution
		SolutionGuid = {0F1AE0D5-F4F3-4D85-8C29-CCEBCE42C27E}
	EndGlobalSection
EndGlobal
